{
    "name": "jswithtype",
    "version": "1.0.0",
    "lockfileVersion": 1,
    "requires": true,
    "dependencies": {
        "flow-bin": {
            "version": "0.68.0",
            "resolved": "https://registry.npmjs.org/flow-bin/-/flow-bin-0.68.0.tgz",
            "integrity": "sha1-hsLRSFfTBusuheJ08u6/VDVk9iM=",
            "dev": true
        }
    }
}
